
Microsoft Visual Studio Solution File, Format Version 12.00
# Visual Studio Version 16
VisualStudioVersion = 16.0.32228.343
MinimumVisualStudioVersion = 10.0.40219.1
Project("{9A19103F-16F7-4668-BE54-9A1E7A4F7556}") = "Libreria.Dominio", "Libreria.Dominio\Libreria.Dominio.csproj", "{2A17BD61-8187-47EC-B5E8-91178B5D091C}"
EndProject
Project("{9A19103F-16F7-4668-BE54-9A1E7A4F7556}") = "Libreria.AccesoDatos", "Libreria.AccesoDatos\Libreria.AccesoDatos.csproj", "{18B08D92-6506-4B0F-9435-54F08C1C3BA1}"
EndProject
Project("{2150E333-8FDC-42A3-9474-1A3956D46DE8}") = "Solution Items", "Solution Items", "{93CC2545-B6E5-427B-8A62-B1440CEA44D4}"
	ProjectSection(SolutionItems) = preProject
		Libreria.txt = Libreria.txt
	EndProjectSection
EndProject
Project("{9A19103F-16F7-4668-BE54-9A1E7A4F7556}") = "Libreria.SistemaAutenticacion", "Libreria.SistemaAutenticacion\Libreria.SistemaAutenticacion.csproj", "{CE7075E5-ADD5-41FD-8A87-5C7ECAD24957}"
EndProject
Project("{9A19103F-16F7-4668-BE54-9A1E7A4F7556}") = "Libreria.MVC", "Libreria.MVC\Libreria.MVC.csproj", "{5DCBE57F-384C-45BD-871C-A52432633B4C}"
EndProject
Project("{FAE04EC0-301F-11D3-BF4B-00C04F79EFBC}") = "Libreria.WebAPI", "Libreria.WebAPI\Libreria.WebAPI.csproj", "{1D897915-BC06-47A6-926B-E19EF04A4FDA}"
EndProject
Project("{FAE04EC0-301F-11D3-BF4B-00C04F79EFBC}") = "Libreria.DTOs", "Libreria.DTOs\Libreria.DTOs.csproj", "{7AFF1E18-39C0-46DA-8BF1-F9793E50F8FC}"
EndProject
Global
	GlobalSection(SolutionConfigurationPlatforms) = preSolution
		Debug|Any CPU = Debug|Any CPU
		Release|Any CPU = Release|Any CPU
	EndGlobalSection
	GlobalSection(ProjectConfigurationPlatforms) = postSolution
		{2A17BD61-8187-47EC-B5E8-91178B5D091C}.Debug|Any CPU.ActiveCfg = Debug|Any CPU
		{2A17BD61-8187-47EC-B5E8-91178B5D091C}.Debug|Any CPU.Build.0 = Debug|Any CPU
		{2A17BD61-8187-47EC-B5E8-91178B5D091C}.Release|Any CPU.ActiveCfg = Release|Any CPU
		{2A17BD61-8187-47EC-B5E8-91178B5D091C}.Release|Any CPU.Build.0 = Release|Any CPU
		{18B08D92-6506-4B0F-9435-54F08C1C3BA1}.Debug|Any CPU.ActiveCfg = Debug|Any CPU
		{18B08D92-6506-4B0F-9435-54F08C1C3BA1}.Debug|Any CPU.Build.0 = Debug|Any CPU
		{18B08D92-6506-4B0F-9435-54F08C1C3BA1}.Release|Any CPU.ActiveCfg = Release|Any CPU
		{18B08D92-6506-4B0F-9435-54F08C1C3BA1}.Release|Any CPU.Build.0 = Release|Any CPU
		{CE7075E5-ADD5-41FD-8A87-5C7ECAD24957}.Debug|Any CPU.ActiveCfg = Debug|Any CPU
		{CE7075E5-ADD5-41FD-8A87-5C7ECAD24957}.Debug|Any CPU.Build.0 = Debug|Any CPU
		{CE7075E5-ADD5-41FD-8A87-5C7ECAD24957}.Release|Any CPU.ActiveCfg = Release|Any CPU
		{CE7075E5-ADD5-41FD-8A87-5C7ECAD24957}.Release|Any CPU.Build.0 = Release|Any CPU
		{5DCBE57F-384C-45BD-871C-A52432633B4C}.Debug|Any CPU.ActiveCfg = Debug|Any CPU
		{5DCBE57F-384C-45BD-871C-A52432633B4C}.Debug|Any CPU.Build.0 = Debug|Any CPU
		{5DCBE57F-384C-45BD-871C-A52432633B4C}.Release|Any CPU.ActiveCfg = Release|Any CPU
		{5DCBE57F-384C-45BD-871C-A52432633B4C}.Release|Any CPU.Build.0 = Release|Any CPU
		{1D897915-BC06-47A6-926B-E19EF04A4FDA}.Debug|Any CPU.ActiveCfg = Debug|Any CPU
		{1D897915-BC06-47A6-926B-E19EF04A4FDA}.Debug|Any CPU.Build.0 = Debug|Any CPU
		{1D897915-BC06-47A6-926B-E19EF04A4FDA}.Release|Any CPU.ActiveCfg = Release|Any CPU
		{1D897915-BC06-47A6-926B-E19EF04A4FDA}.Release|Any CPU.Build.0 = Release|Any CPU
		{7AFF1E18-39C0-46DA-8BF1-F9793E50F8FC}.Debug|Any CPU.ActiveCfg = Debug|Any CPU
		{7AFF1E18-39C0-46DA-8BF1-F9793E50F8FC}.Debug|Any CPU.Build.0 = Debug|Any CPU
		{7AFF1E18-39C0-46DA-8BF1-F9793E50F8FC}.Release|Any CPU.ActiveCfg = Release|Any CPU
		{7AFF1E18-39C0-46DA-8BF1-F9793E50F8FC}.Release|Any CPU.Build.0 = Release|Any CPU
	EndGlobalSection
	GlobalSection(SolutionProperties) = preSolution
		HideSolutionNode = FALSE
	EndGlobalSection
	GlobalSection(ExtensibilityGlobals) = postSolution
		SolutionGuid = {A7A35629-F383-402E-8DBB-BEA70E6EA203}
	EndGlobalSection
EndGlobal
